// !$*UTF8*$!
{
	archiveVersion = 1;
	classes = {
	};
	objectVersion = 50;
	objects = {

/* Begin PBXBuildFile section */
		6FA017E5243297D400229BD2 /* AppDelegate.swift in Sources */ = {isa = PBXBuildFile; fileRef = 6FA017E4243297D400229BD2 /* AppDelegate.swift */; };
		6FA017E7243297D400229BD2 /* SceneDelegate.swift in Sources */ = {isa = PBXBuildFile; fileRef = 6FA017E6243297D400229BD2 /* SceneDelegate.swift */; };
		6FA017E9243297D400229BD2 /* ViewController.swift in Sources */ = {isa = PBXBuildFile; fileRef = 6FA017E8243297D400229BD2 /* ViewController.swift */; };
		6FA017EC243297D400229BD2 /* Main.storyboard in Resources */ = {isa = PBXBuildFile; fileRef = 6FA017EA243297D400229BD2 /* Main.storyboard */; };
		6FA017EE243297D700229BD2 /* Assets.xcassets in Resources */ = {isa = PBXBuildFile; fileRef = 6FA017ED243297D700229BD2 /* Assets.xcassets */; };
		6FA017F1243297D700229BD2 /* LaunchScreen.storyboard in Resources */ = {isa = PBXBuildFile; fileRef = 6FA017EF243297D700229BD2 /* LaunchScreen.storyboard */; };
		6FA017FC243297D700229BD2 /* mockAPITests.swift in Sources */ = {isa = PBXBuildFile; fileRef = 6FA017FB243297D700229BD2 /* mockAPITests.swift */; };
		6FA018072432988400229BD2 /* UserData.swift in Sources */ = {isa = PBXBuildFile; fileRef = 6FA018062432988400229BD2 /* UserData.swift */; };
		6FA018092432988E00229BD2 /* googleServices.swift in Sources */ = {isa = PBXBuildFile; fileRef = 6FA018082432988E00229BD2 /* googleServices.swift */; };
		AB2C43E70303AC0C65EAA207 /* Pods_mockAPITests.framework in Frameworks */ = {isa = PBXBuildFile; fileRef = 38C18261E88F3B362D500EAF /* Pods_mockAPITests.framework */; };
		DBD43C1DB18470DD4E031969 /* Pods_mockAPI.framework in Frameworks */ = {isa = PBXBuildFile; fileRef = A6549606B00C35DF2D9F0F85 /* Pods_mockAPI.framework */; };
/* End PBXBuildFile section */

/* Begin PBXContainerItemProxy section */
		6FA017F8243297D700229BD2 /* PBXContainerItemProxy */ = {
			isa = PBXContainerItemProxy;
			containerPortal = 6FA017D9243297D400229BD2 /* Project object */;
			proxyType = 1;
			remoteGlobalIDString = 6FA017E0243297D400229BD2;
			remoteInfo = mockAPI;
		};
/* End PBXContainerItemProxy section */

/* Begin PBXFileReference section */
		27640D1A74B0C07BA390D3A3 /* Pods-mockAPI.release.xcconfig */ = {isa = PBXFileReference; includeInIndex = 1; lastKnownFileType = text.xcconfig; name = "Pods-mockAPI.release.xcconfig"; path = "Target Support Files/Pods-mockAPI/Pods-mockAPI.release.xcconfig"; sourceTree = "<group>"; };
		38C18261E88F3B362D500EAF /* Pods_mockAPITests.framework */ = {isa = PBXFileReference; explicitFileType = wrapper.framework; includeInIndex = 0; path = Pods_mockAPITests.framework; sourceTree = BUILT_PRODUCTS_DIR; };
		6FA017E1243297D400229BD2 /* mockAPI.app */ = {isa = PBXFileReference; explicitFileType = wrapper.application; includeInIndex = 0; path = mockAPI.app; sourceTree = BUILT_PRODUCTS_DIR; };
		6FA017E4243297D400229BD2 /* AppDelegate.swift */ = {isa = PBXFileReference; lastKnownFileType = sourcecode.swift; path = AppDelegate.swift; sourceTree = "<group>"; };
		6FA017E6243297D400229BD2 /* SceneDelegate.swift */ = {isa = PBXFileReference; lastKnownFileType = sourcecode.swift; path = SceneDelegate.swift; sourceTree = "<group>"; };
		6FA017E8243297D400229BD2 /* ViewController.swift */ = {isa = PBXFileReference; lastKnownFileType = sourcecode.swift; path = ViewController.swift; sourceTree = "<group>"; };
		6FA017EB243297D400229BD2 /* Base */ = {isa = PBXFileReference; lastKnownFileType = file.storyboard; name = Base; path = Base.lproj/Main.storyboard; sourceTree = "<group>"; };
		6FA017ED243297D700229BD2 /* Assets.xcassets */ = {isa = PBXFileReference; lastKnownFileType = folder.assetcatalog; path = Assets.xcassets; sourceTree = "<group>"; };
		6FA017F0243297D700229BD2 /* Base */ = {isa = PBXFileReference; lastKnownFileType = file.storyboard; name = Base; path = Base.lproj/LaunchScreen.storyboard; sourceTree = "<group>"; };
		6FA017F2243297D700229BD2 /* Info.plist */ = {isa = PBXFileReference; lastKnownFileType = text.plist.xml; path = Info.plist; sourceTree = "<group>"; };
		6FA017F7243297D700229BD2 /* mockAPITests.xctest */ = {isa = PBXFileReference; explicitFileType = wrapper.cfbundle; includeInIndex = 0; path = mockAPITests.xctest; sourceTree = BUILT_PRODUCTS_DIR; };
		6FA017FB243297D700229BD2 /* mockAPITests.swift */ = {isa = PBXFileReference; lastKnownFileType = sourcecode.swift; path = mockAPITests.swift; sourceTree = "<group>"; };
		6FA017FD243297D700229BD2 /* Info.plist */ = {isa = PBXFileReference; lastKnownFileType = text.plist.xml; path = Info.plist; sourceTree = "<group>"; };
		6FA018062432988400229BD2 /* UserData.swift */ = {isa = PBXFileReference; fileEncoding = 4; lastKnownFileType = sourcecode.swift; path = UserData.swift; sourceTree = "<group>"; };
		6FA018082432988E00229BD2 /* googleServices.swift */ = {isa = PBXFileReference; fileEncoding = 4; lastKnownFileType = sourcecode.swift; path = googleServices.swift; sourceTree = "<group>"; };
		7C522B545FDEE341EEE61EA4 /* Pods-mockAPITests.release.xcconfig */ = {isa = PBXFileReference; includeInIndex = 1; lastKnownFileType = text.xcconfig; name = "Pods-mockAPITests.release.xcconfig"; path = "Target Support Files/Pods-mockAPITests/Pods-mockAPITests.release.xcconfig"; sourceTree = "<group>"; };
		A4C09A33CDDDE60B6F178F0A /* Pods-mockAPI.debug.xcconfig */ = {isa = PBXFileReference; includeInIndex = 1; lastKnownFileType = text.xcconfig; name = "Pods-mockAPI.debug.xcconfig"; path = "Target Support Files/Pods-mockAPI/Pods-mockAPI.debug.xcconfig"; sourceTree = "<group>"; };
		A6549606B00C35DF2D9F0F85 /* Pods_mockAPI.framework */ = {isa = PBXFileReference; explicitFileType = wrapper.framework; includeInIndex = 0; path = Pods_mockAPI.framework; sourceTree = BUILT_PRODUCTS_DIR; };
		DA600650C5DCAB6D353E9ABF /* Pods-mockAPITests.debug.xcconfig */ = {isa = PBXFileReference; includeInIndex = 1; lastKnownFileType = text.xcconfig; name = "Pods-mockAPITests.debug.xcconfig"; path = "Target Support Files/Pods-mockAPITests/Pods-mockAPITests.debug.xcconfig"; sourceTree = "<group>"; };
/* End PBXFileReference section */

/* Begin PBXFrameworksBuildPhase section */
		6FA017DE243297D400229BD2 /* Frameworks */ = {
			isa = PBXFrameworksBuildPhase;
			buildActionMask = 2147483647;
			files = (
				DBD43C1DB18470DD4E031969 /* Pods_mockAPI.framework in Frameworks */,
			);
			runOnlyForDeploymentPostprocessing = 0;
		};
		6FA017F4243297D700229BD2 /* Frameworks */ = {
			isa = PBXFrameworksBuildPhase;
			buildActionMask = 2147483647;
			files = (
				AB2C43E70303AC0C65EAA207 /* Pods_mockAPITests.framework in Frameworks */,
			);
			runOnlyForDeploymentPostprocessing = 0;
		};
/* End PBXFrameworksBuildPhase section */

/* Begin PBXGroup section */
		626A72198885A01A56AE5374 /* Frameworks */ = {
			isa = PBXGroup;
			children = (
				A6549606B00C35DF2D9F0F85 /* Pods_mockAPI.framework */,
				38C18261E88F3B362D500EAF /* Pods_mockAPITests.framework */,
			);
			name = Frameworks;
			sourceTree = "<group>";
		};
		6FA017D8243297D400229BD2 = {
			isa = PBXGroup;
			children = (
				6FA017E3243297D400229BD2 /* mockAPI */,
				6FA017FA243297D700229BD2 /* mockAPITests */,
				6FA017E2243297D400229BD2 /* Products */,
				ED045F0BE7C90FAC32739CB7 /* Pods */,
				626A72198885A01A56AE5374 /* Frameworks */,
			);
			sourceTree = "<group>";
		};
		6FA017E2243297D400229BD2 /* Products */ = {
			isa = PBXGroup;
			children = (
				6FA017E1243297D400229BD2 /* mockAPI.app */,
				6FA017F7243297D700229BD2 /* mockAPITests.xctest */,
			);
			name = Products;
			sourceTree = "<group>";
		};
		6FA017E3243297D400229BD2 /* mockAPI */ = {
			isa = PBXGroup;
			children = (
				6FA018082432988E00229BD2 /* googleServices.swift */,
				6FA018062432988400229BD2 /* UserData.swift */,
				6FA017E4243297D400229BD2 /* AppDelegate.swift */,
				6FA017E6243297D400229BD2 /* SceneDelegate.swift */,
				6FA017E8243297D400229BD2 /* ViewController.swift */,
				6FA017EA243297D400229BD2 /* Main.storyboard */,
				6FA017ED243297D700229BD2 /* Assets.xcassets */,
				6FA017EF243297D700229BD2 /* LaunchScreen.storyboard */,
				6FA017F2243297D700229BD2 /* Info.plist */,
			);
			path = mockAPI;
			sourceTree = "<group>";
		};
		6FA017FA243297D700229BD2 /* mockAPITests */ = {
			isa = PBXGroup;
			children = (
				6FA017FB243297D700229BD2 /* mockAPITests.swift */,
				6FA017FD243297D700229BD2 /* Info.plist */,
			);
			path = mockAPITests;
			sourceTree = "<group>";
		};
		ED045F0BE7C90FAC32739CB7 /* Pods */ = {
			isa = PBXGroup;
			children = (
				A4C09A33CDDDE60B6F178F0A /* Pods-mockAPI.debug.xcconfig */,
				27640D1A74B0C07BA390D3A3 /* Pods-mockAPI.release.xcconfig */,
				DA600650C5DCAB6D353E9ABF /* Pods-mockAPITests.debug.xcconfig */,
				7C522B545FDEE341EEE61EA4 /* Pods-mockAPITests.release.xcconfig */,
			);
			name = Pods;
			path = Pods;
			sourceTree = "<group>";
		};
/* End PBXGroup section */

/* Begin PBXNativeTarget section */
		6FA017E0243297D400229BD2 /* mockAPI */ = {
			isa = PBXNativeTarget;
			buildConfigurationList = 6FA01800243297D700229BD2 /* Build configuration list for PBXNativeTarget "mockAPI" */;
			buildPhases = (
				537C6E57105445142103C20A /* [CP] Check Pods Manifest.lock */,
				6FA017DD243297D400229BD2 /* Sources */,
				6FA017DE243297D400229BD2 /* Frameworks */,
				6FA017DF243297D400229BD2 /* Resources */,
				7226D6067CA947DE3AA15AF9 /* [CP] Embed Pods Frameworks */,
			);
			buildRules = (
			);
			dependencies = (
			);
			name = mockAPI;
			productName = mockAPI;
			productReference = 6FA017E1243297D400229BD2 /* mockAPI.app */;
			productType = "com.apple.product-type.application";
		};
		6FA017F6243297D700229BD2 /* mockAPITests */ = {
			isa = PBXNativeTarget;
			buildConfigurationList = 6FA01803243297D700229BD2 /* Build configuration list for PBXNativeTarget "mockAPITests" */;
			buildPhases = (
				338EE1B2374737ADE748FBDE /* [CP] Check Pods Manifest.lock */,
				6FA017F3243297D700229BD2 /* Sources */,
				6FA017F4243297D700229BD2 /* Frameworks */,
				6FA017F5243297D700229BD2 /* Resources */,
			);
			buildRules = (
			);
			dependencies = (
				6FA017F9243297D700229BD2 /* PBXTargetDependency */,
			);
			name = mockAPITests;
			productName = mockAPITests;
			productReference = 6FA017F7243297D700229BD2 /* mockAPITests.xctest */;
			productType = "com.apple.product-type.bundle.unit-test";
		};
/* End PBXNativeTarget section */

/* Begin PBXProject section */
		6FA017D9243297D400229BD2 /* Project object */ = {
			isa = PBXProject;
			attributes = {
				LastSwiftUpdateCheck = 1140;
				LastUpgradeCheck = 1140;
				ORGANIZATIONNAME = Dhrubojyoti;
				TargetAttributes = {
					6FA017E0243297D400229BD2 = {
						CreatedOnToolsVersion = 11.4;
					};
					6FA017F6243297D700229BD2 = {
						CreatedOnToolsVersion = 11.4;
						TestTargetID = 6FA017E0243297D400229BD2;
					};
				};
			};
			buildConfigurationList = 6FA017DC243297D400229BD2 /* Build configuration list for PBXProject "mockAPI" */;
			compatibilityVersion = "Xcode 9.3";
			developmentRegion = en;
			hasScannedForEncodings = 0;
			knownRegions = (
				en,
				Base,
			);
			mainGroup = 6FA017D8243297D400229BD2;
			productRefGroup = 6FA017E2243297D400229BD2 /* Products */;
			projectDirPath = "";
			projectRoot = "";
			targets = (
				6FA017E0243297D400229BD2 /* mockAPI */,
				6FA017F6243297D700229BD2 /* mockAPITests */,
			);
		};
/* End PBXProject section */

/* Begin PBXResourcesBuildPhase section */
		6FA017DF243297D400229BD2 /* Resources */ = {
			isa = PBXResourcesBuildPhase;
			buildActionMask = 2147483647;
			files = (
				6FA017F1243297D700229BD2 /* LaunchScreen.storyboard in Resources */,
				6FA017EE243297D700229BD2 /* Assets.xcassets in Resources */,
				6FA017EC243297D400229BD2 /* Main.storyboard in Resources */,
			);
			runOnlyForDeploymentPostprocessing = 0;
		};
		6FA017F5243297D700229BD2 /* Resources */ = {
			isa = PBXResourcesBuildPhase;
			buildActionMask = 2147483647;
			files = (
			);
			runOnlyForDeploymentPostprocessing = 0;
		};
/* End PBXResourcesBuildPhase section */

/* Begin PBXShellScriptBuildPhase section */
		338EE1B2374737ADE748FBDE /* [CP] Check Pods Manifest.lock */ = {
			isa = PBXShellScriptBuildPhase;
			buildActionMask = 2147483647;
			files = (
			);
			inputFileListPaths = (
			);
			inputPaths = (
				"${PODS_PODFILE_DIR_PATH}/Podfile.lock",
				"${PODS_ROOT}/Manifest.lock",
			);
			name = "[CP] Check Pods Manifest.lock";
			outputFileListPaths = (
			);
			outputPaths = (
				"$(DERIVED_FILE_DIR)/Pods-mockAPITests-checkManifestLockResult.txt",
			);
			runOnlyForDeploymentPostprocessing = 0;
			shellPath = /bin/sh;
			shellScript = "diff \"${PODS_PODFILE_DIR_PATH}/Podfile.lock\" \"${PODS_ROOT}/Manifest.lock\" > /dev/null\nif [ $? != 0 ] ; then\n    # print error to STDERR\n    echo \"error: The sandbox is not in sync with the Podfile.lock. Run 'pod install' or update your CocoaPods installation.\" >&2\n    exit 1\nfi\n# This output is used by Xcode 'outputs' to avoid re-running this script phase.\necho \"SUCCESS\" > \"${SCRIPT_OUTPUT_FILE_0}\"\n";
			showEnvVarsInLog = 0;
		};
		537C6E57105445142103C20A /* [CP] Check Pods Manifest.lock */ = {
			isa = PBXShellScriptBuildPhase;
			buildActionMask = 2147483647;
			files = (
			);
			inputFileListPaths = (
			);
			inputPaths = (
				"${PODS_PODFILE_DIR_PATH}/Podfile.lock",
				"${PODS_ROOT}/Manifest.lock",
			);
			name = "[CP] Check Pods Manifest.lock";
			outputFileListPaths = (
			);
			outputPaths = (
				"$(DERIVED_FILE_DIR)/Pods-mockAPI-checkManifestLockResult.txt",
			);
			runOnlyForDeploymentPostprocessing = 0;
			shellPath = /bin/sh;
			shellScript = "diff \"${PODS_PODFILE_DIR_PATH}/Podfile.lock\" \"${PODS_ROOT}/Manifest.lock\" > /dev/null\nif [ $? != 0 ] ; then\n    # print error to STDERR\n    echo \"error: The sandbox is not in sync with the Podfile.lock. Run 'pod install' or update your CocoaPods installation.\" >&2\n    exit 1\nfi\n# This output is used by Xcode 'outputs' to avoid re-running this script phase.\necho \"SUCCESS\" > \"${SCRIPT_OUTPUT_FILE_0}\"\n";
			showEnvVarsInLog = 0;
		};
		7226D6067CA947DE3AA15AF9 /* [CP] Embed Pods Frameworks */ = {
			isa = PBXShellScriptBuildPhase;
			buildActionMask = 2147483647;
			files = (
			);
			inputFileListPaths = (
				"${PODS_ROOT}/Target Support Files/Pods-mockAPI/Pods-mockAPI-frameworks-${CONFIGURATION}-input-files.xcfilelist",
			);
			name = "[CP] Embed Pods Frameworks";
			outputFileListPaths = (
				"${PODS_ROOT}/Target Support Files/Pods-mockAPI/Pods-mockAPI-frameworks-${CONFIGURATION}-output-files.xcfilelist",
			);
			runOnlyForDeploymentPostprocessing = 0;
			shellPath = /bin/sh;
			shellScript = "\"${PODS_ROOT}/Target Support Files/Pods-mockAPI/Pods-mockAPI-frameworks.sh\"\n";
			showEnvVarsInLog = 0;
		};
/* End PBXShellScriptBuildPhase section */

/* Begin PBXSourcesBuildPhase section */
		6FA017DD243297D400229BD2 /* Sources */ = {
			isa = PBXSourcesBuildPhase;
			buildActionMask = 2147483647;
			files = (
				6FA017E9243297D400229BD2 /* ViewController.swift in Sources */,
				6FA017E5243297D400229BD2 /* AppDelegate.swift in Sources */,
				6FA018092432988E00229BD2 /* googleServices.swift in Sources */,
				6FA018072432988400229BD2 /* UserData.swift in Sources */,
				6FA017E7243297D400229BD2 /* SceneDelegate.swift in Sources */,
			);
			runOnlyForDeploymentPostprocessing = 0;
		};
		6FA017F3243297D700229BD2 /* Sources */ = {
			isa = PBXSourcesBuildPhase;
			buildActionMask = 2147483647;
			files = (
				6FA017FC243297D700229BD2 /* mockAPITests.swift in Sources */,
			);
			runOnlyForDeploymentPostprocessing = 0;
		};
/* End PBXSourcesBuildPhase section */

/* Begin PBXTargetDependency section */
		6FA017F9243297D700229BD2 /* PBXTargetDependency */ = {
			isa = PBXTargetDependency;
			target = 6FA017E0243297D400229BD2 /* mockAPI */;
			targetProxy = 6FA017F8243297D700229BD2 /* PBXContainerItemProxy */;
		};
/* End PBXTargetDependency section */

/* Begin PBXVariantGroup section */
		6FA017EA243297D400229BD2 /* Main.storyboard */ = {
			isa = PBXVariantGroup;
			children = (
				6FA017EB243297D400229BD2 /* Base */,
			);
			name = Main.storyboard;
			sourceTree = "<group>";
		};
		6FA017EF243297D700229BD2 /* LaunchScreen.storyboard */ = {
			isa = PBXVariantGroup;
			children = (
				6FA017F0243297D700229BD2 /* Base */,
			);
			name = LaunchScreen.storyboard;
			sourceTree = "<group>";
		};
/* End PBXVariantGroup section */

/* Begin XCBuildConfiguration section */
		6FA017FE243297D700229BD2 /* Debug */ = {
			isa = XCBuildConfiguration;
			buildSettings = {
				ALWAYS_SEARCH_USER_PATHS = NO;
				CLANG_ANALYZER_NONNULL = YES;
				CLANG_ANALYZER_NUMBER_OBJECT_CONVERSION = YES_AGGRESSIVE;
				CLANG_CXX_LANGUAGE_STANDARD = "gnu++14";
				CLANG_CXX_LIBRARY = "libc++";
				CLANG_ENABLE_MODULES = YES;
				CLANG_ENABLE_OBJC_ARC = YES;
				CLANG_ENABLE_OBJC_WEAK = YES;
				CLANG_WARN_BLOCK_CAPTURE_AUTORELEASING = YES;
				CLANG_WARN_BOOL_CONVERSION = YES;
				CLANG_WARN_COMMA = YES;
				CLANG_WARN_CONSTANT_CONVERSION = YES;
				CLANG_WARN_DEPRECATED_OBJC_IMPLEMENTATIONS = YES;
				CLANG_WARN_DIRECT_OBJC_ISA_USAGE = YES_ERROR;
				CLANG_WARN_DOCUMENTATION_COMMENTS = YES;
				CLANG_WARN_EMPTY_BODY = YES;
				CLANG_WARN_ENUM_CONVERSION = YES;
				CLANG_WARN_INFINITE_RECURSION = YES;
				CLANG_WARN_INT_CONVERSION = YES;
				CLANG_WARN_NON_LITERAL_NULL_CONVERSION = YES;
				CLANG_WARN_OBJC_IMPLICIT_RETAIN_SELF = YES;
				CLANG_WARN_OBJC_LITERAL_CONVERSION = YES;
				CLANG_WARN_OBJC_ROOT_CLASS = YES_ERROR;
				CLANG_WARN_RANGE_LOOP_ANALYSIS = YES;
				CLANG_WARN_STRICT_PROTOTYPES = YES;
				CLANG_WARN_SUSPICIOUS_MOVE = YES;
				CLANG_WARN_UNGUARDED_AVAILABILITY = YES_AGGRESSIVE;
				CLANG_WARN_UNREACHABLE_CODE = YES;
				CLANG_WARN__DUPLICATE_METHOD_MATCH = YES;
				COPY_PHASE_STRIP = NO;
				DEBUG_INFORMATION_FORMAT = dwarf;
				ENABLE_STRICT_OBJC_MSGSEND = YES;
				ENABLE_TESTABILITY = YES;
				GCC_C_LANGUAGE_STANDARD = gnu11;
				GCC_DYNAMIC_NO_PIC = NO;
				GCC_NO_COMMON_BLOCKS = YES;
				GCC_OPTIMIZATION_LEVEL = 0;
				GCC_PREPROCESSOR_DEFINITIONS = (
					"DEBUG=1",
					"$(inherited)",
				);
				GCC_WARN_64_TO_32_BIT_CONVERSION = YES;
				GCC_WARN_ABOUT_RETURN_TYPE = YES_ERROR;
				GCC_WARN_UNDECLARED_SELECTOR = YES;
				GCC_WARN_UNINITIALIZED_AUTOS = YES_AGGRESSIVE;
				GCC_WARN_UNUSED_FUNCTION = YES;
				GCC_WARN_UNUSED_VARIABLE = YES;
				IPHONEOS_DEPLOYMENT_TARGET = 13.4;
				MTL_ENABLE_DEBUG_INFO = INCLUDE_SOURCE;
				MTL_FAST_MATH = YES;
				ONLY_ACTIVE_ARCH = YES;
				SDKROOT = iphoneos;
				SWIFT_ACTIVE_COMPILATION_CONDITIONS = DEBUG;
				SWIFT_OPTIMIZATION_LEVEL = "-Onone";
			};
			name = Debug;
		};
		6FA017FF243297D700229BD2 /* Release */ = {
			isa = XCBuildConfiguration;
			buildSettings = {
				ALWAYS_SEARCH_USER_PATHS = NO;
				CLANG_ANALYZER_NONNULL = YES;
				CLANG_ANALYZER_NUMBER_OBJECT_CONVERSION = YES_AGGRESSIVE;
				CLANG_CXX_LANGUAGE_STANDARD = "gnu++14";
				CLANG_CXX_LIBRARY = "libc++";
				CLANG_ENABLE_MODULES = YES;
				CLANG_ENABLE_OBJC_ARC = YES;
				CLANG_ENABLE_OBJC_WEAK = YES;
				CLANG_WARN_BLOCK_CAPTURE_AUTORELEASING = YES;
				CLANG_WARN_BOOL_CONVERSION = YES;
				CLANG_WARN_COMMA = YES;
				CLANG_WARN_CONSTANT_CONVERSION = YES;
				CLANG_WARN_DEPRECATED_OBJC_IMPLEMENTATIONS = YES;
				CLANG_WARN_DIRECT_OBJC_ISA_USAGE = YES_ERROR;
				CLANG_WARN_DOCUMENTATION_COMMENTS = YES;
				CLANG_WARN_EMPTY_BODY = YES;
				CLANG_WARN_ENUM_CONVERSION = YES;
				CLANG_WARN_INFINITE_RECURSION = YES;
				CLANG_WARN_INT_CONVERSION = YES;
				CLANG_WARN_NON_LITERAL_NULL_CONVERSION = YES;
				CLANG_WARN_OBJC_IMPLICIT_RETAIN_SELF = YES;
				CLANG_WARN_OBJC_LITERAL_CONVERSION = YES;
				CLANG_WARN_OBJC_ROOT_CLASS = YES_ERROR;
				CLANG_WARN_RANGE_LOOP_ANALYSIS = YES;
				CLANG_WARN_STRICT_PROTOTYPES = YES;
				CLANG_WARN_SUSPICIOUS_MOVE = YES;
				CLANG_WARN_UNGUARDED_AVAILABILITY = YES_AGGRESSIVE;
				CLANG_WARN_UNREACHABLE_CODE = YES;
				CLANG_WARN__DUPLICATE_METHOD_MATCH = YES;
				COPY_PHASE_STRIP = NO;
				DEBUG_INFORMATION_FORMAT = "dwarf-with-dsym";
				ENABLE_NS_ASSERTIONS = NO;
				ENABLE_STRICT_OBJC_MSGSEND = YES;
				GCC_C_LANGUAGE_STANDARD = gnu11;
				GCC_NO_COMMON_BLOCKS = YES;
				GCC_WARN_64_TO_32_BIT_CONVERSION = YES;
				GCC_WARN_ABOUT_RETURN_TYPE = YES_ERROR;
				GCC_WARN_UNDECLARED_SELECTOR = YES;
				GCC_WARN_UNINITIALIZED_AUTOS = YES_AGGRESSIVE;
				GCC_WARN_UNUSED_FUNCTION = YES;
				GCC_WARN_UNUSED_VARIABLE = YES;
				IPHONEOS_DEPLOYMENT_TARGET = 13.4;
				MTL_ENABLE_DEBUG_INFO = NO;
				MTL_FAST_MATH = YES;
				SDKROOT = iphoneos;
				SWIFT_COMPILATION_MODE = wholemodule;
				SWIFT_OPTIMIZATION_LEVEL = "-O";
				VALIDATE_PRODUCT = YES;
			};
			name = Release;
		};
		6FA01801243297D700229BD2 /* Debug */ = {
			isa = XCBuildConfiguration;
			baseConfigurationReference = A4C09A33CDDDE60B6F178F0A /* Pods-mockAPI.debug.xcconfig */;
			buildSettings = {
				ASSETCATALOG_COMPILER_APPICON_NAME = AppIcon;
				CODE_SIGN_STYLE = Automatic;
				DEVELOPMENT_TEAM = 55DX457GXB;
				INFOPLIST_FILE = mockAPI/Info.plist;
				LD_RUNPATH_SEARCH_PATHS = (
					"$(inherited)",
					"@executable_path/Frameworks",
				);
				PRODUCT_BUNDLE_IDENTIFIER = com.tips.mockAPI;
				PRODUCT_NAME = "$(TARGET_NAME)";
				SWIFT_VERSION = 5.0;
				TARGETED_DEVICE_FAMILY = "1,2";
			};
			name = Debug;
		};
		6FA01802243297D700229BD2 /* Release */ = {
			isa = XCBuildConfiguration;
			baseConfigurationReference = 27640D1A74B0C07BA390D3A3 /* Pods-mockAPI.release.xcconfig */;
			buildSettings = {
				ASSETCATALOG_COMPILER_APPICON_NAME = AppIcon;
				CODE_SIGN_STYLE = Automatic;
				DEVELOPMENT_TEAM = 55DX457GXB;
				INFOPLIST_FILE = mockAPI/Info.plist;
				LD_RUNPATH_SEARCH_PATHS = (
					"$(inherited)",
					"@executable_path/Frameworks",
				);
				PRODUCT_BUNDLE_IDENTIFIER = com.tips.mockAPI;
				PRODUCT_NAME = "$(TARGET_NAME)";
				SWIFT_VERSION = 5.0;
				TARGETED_DEVICE_FAMILY = "1,2";
			};
			name = Release;
		};
		6FA01804243297D700229BD2 /* Debug */ = {
			isa = XCBuildConfiguration;
			baseConfigurationReference = DA600650C5DCAB6D353E9ABF /* Pods-mockAPITests.debug.xcconfig */;
			buildSettings = {
				ALWAYS_EMBED_SWIFT_STANDARD_LIBRARIES = YES;
				BUNDLE_LOADER = "$(TEST_HOST)";
				CODE_SIGN_STYLE = Automatic;
				DEVELOPMENT_TEAM = 55DX457GXB;
				INFOPLIST_FILE = mockAPITests/Info.plist;
				IPHONEOS_DEPLOYMENT_TARGET = 13.4;
				LD_RUNPATH_SEARCH_PATHS = (
					"$(inherited)",
					"@executable_path/Frameworks",
					"@loader_path/Frameworks",
				);
				PRODUCT_BUNDLE_IDENTIFIER = com.tips.mockAPITests;
				PRODUCT_NAME = "$(TARGET_NAME)";
				SWIFT_VERSION = 5.0;
				TARGETED_DEVICE_FAMILY = "1,2";
				TEST_HOST = "$(BUILT_PRODUCTS_DIR)/mockAPI.app/mockAPI";
			};
			name = Debug;
		};
		6FA01805243297D700229BD2 /* Release */ = {
			isa = XCBuildConfiguration;
			baseConfigurationReference = 7C522B545FDEE341EEE61EA4 /* Pods-mockAPITests.release.xcconfig */;
			buildSettings = {
				ALWAYS_EMBED_SWIFT_STANDARD_LIBRARIES = YES;
				BUNDLE_LOADER = "$(TEST_HOST)";
				CODE_SIGN_STYLE = Automatic;
				DEVELOPMENT_TEAM = 55DX457GXB;
				INFOPLIST_FILE = mockAPITests/Info.plist;
				IPHONEOS_DEPLOYMENT_TARGET = 13.4;
				LD_RUNPATH_SEARCH_PATHS = (
					"$(inherited)",
					"@executable_path/Frameworks",
					"@loader_path/Frameworks",
				);
				PRODUCT_BUNDLE_IDENTIFIER = com.tips.mockAPITests;
				PRODUCT_NAME = "$(TARGET_NAME)";
				SWIFT_VERSION = 5.0;
				TARGETED_DEVICE_FAMILY = "1,2";
				TEST_HOST = "$(BUILT_PRODUCTS_DIR)/mockAPI.app/mockAPI";
			};
			name = Release;
		};
/* End XCBuildConfiguration section */

/* Begin XCConfigurationList section */
		6FA017DC243297D400229BD2 /* Build configuration list for PBXProject "mockAPI" */ = {
			isa = XCConfigurationList;
			buildConfigurations = (
				6FA017FE243297D700229BD2 /* Debug */,
				6FA017FF243297D700229BD2 /* Release */,
			);
			defaultConfigurationIsVisible = 0;
			defaultConfigurationName = Release;
		};
		6FA01800243297D700229BD2 /* Build configuration list for PBXNativeTarget "mockAPI" */ = {
			isa = XCConfigurationList;
			buildConfigurations = (
				6FA01801243297D700229BD2 /* Debug */,
				6FA01802243297D700229BD2 /* Release */,
			);
			defaultConfigurationIsVisible = 0;
			defaultConfigurationName = Release;
		};
		6FA01803243297D700229BD2 /* Build configuration list for PBXNativeTarget "mockAPITests" */ = {
			isa = XCConfigurationList;
			buildConfigurations = (
				6FA01804243297D700229BD2 /* Debug */,
				6FA01805243297D700229BD2 /* Release */,
			);
			defaultConfigurationIsVisible = 0;
			defaultConfigurationName = Release;
		};
/* End XCConfigurationList section */
	};
	rootObject = 6FA017D9243297D400229BD2 /* Project object */;
}
